// !$*UTF8*$!
{
	archiveVersion = 1;
	classes = {
	};
	objectVersion = 46;
	objects = {

/* Begin PBXBuildFile section */
		3CF8AC721C65CF5E0005F622 /* AppDelegate.swift in Sources */ = {isa = PBXBuildFile; fileRef = 3CF8AC711C65CF5E0005F622 /* AppDelegate.swift */; };
		3CF8AC741C65CF5E0005F622 /* ViewController.swift in Sources */ = {isa = PBXBuildFile; fileRef = 3CF8AC731C65CF5E0005F622 /* ViewController.swift */; };
		3CF8AC771C65CF5E0005F622 /* Main.storyboard in Resources */ = {isa = PBXBuildFile; fileRef = 3CF8AC751C65CF5E0005F622 /* Main.storyboard */; };
		3CF8AC791C65CF5E0005F622 /* Assets.xcassets in Resources */ = {isa = PBXBuildFile; fileRef = 3CF8AC781C65CF5E0005F622 /* Assets.xcassets */; };
		3CF8AC7C1C65CF5E0005F622 /* LaunchScreen.storyboard in Resources */ = {isa = PBXBuildFile; fileRef = 3CF8AC7A1C65CF5E0005F622 /* LaunchScreen.storyboard */; };
/* End PBXBuildFile section */

/* Begin PBXFileReference section */
		3CF8AC6E1C65CF5E0005F622 /* PictureThis.app */ = {isa = PBXFileReference; explicitFileType = wrapper.application; includeInIndex = 0; path = PictureThis.app; sourceTree = BUILT_PRODUCTS_DIR; };
		3CF8AC711C65CF5E0005F622 /* AppDelegate.swift */ = {isa = PBXFileReference; lastKnownFileType = sourcecode.swift; path = AppDelegate.swift; sourceTree = "<group>"; };
		3CF8AC731C65CF5E0005F622 /* ViewController.swift */ = {isa = PBXFileReference; lastKnownFileType = sourcecode.swift; path = ViewController.swift; sourceTree = "<group>"; };
		3CF8AC761C65CF5E0005F622 /* Base */ = {isa = PBXFileReference; lastKnownFileType = file.storyboard; name = Base; path = Base.lproj/Main.storyboard; sourceTree = "<group>"; };
		3CF8AC781C65CF5E0005F622 /* Assets.xcassets */ = {isa = PBXFileReference; lastKnownFileType = folder.assetcatalog; path = Assets.xcassets; sourceTree = "<group>"; };
		3CF8AC7B1C65CF5E0005F622 /* Base */ = {isa = PBXFileReference; lastKnownFileType = file.storyboard; name = Base; path = Base.lproj/LaunchScreen.storyboard; sourceTree = "<group>"; };
		3CF8AC7D1C65CF5E0005F622 /* Info.plist */ = {isa = PBXFileReference; lastKnownFileType = text.plist.xml; path = Info.plist; sourceTree = "<group>"; };
/* End PBXFileReference section */

/* Begin PBXFrameworksBuildPhase section */
		3CF8AC6B1C65CF5E0005F622 /* Frameworks */ = {
			isa = PBXFrameworksBuildPhase;
			buildActionMask = 2147483647;
			files = (
			);
			runOnlyForDeploymentPostprocessing = 0;
		};
/* End PBXFrameworksBuildPhase section */

/* Begin PBXGroup section */
		3CF8AC651C65CF5E0005F622 = {
			isa = PBXGroup;
			children = (
				3CF8AC701C65CF5E0005F622 /* PictureThis */,
				3CF8AC6F1C65CF5E0005F622 /* Products */,
			);
			sourceTree = "<group>";
		};
		3CF8AC6F1C65CF5E0005F622 /* Products */ = {
			isa = PBXGroup;
			children = (
				3CF8AC6E1C65CF5E0005F622 /* PictureThis.app */,
			);
			name = Products;
			sourceTree = "<group>";
		};
		3CF8AC701C65CF5E0005F622 /* PictureThis */ = {
			isa = PBXGroup;
			children = (
				3CF8AC711C65CF5E0005F622 /* AppDelegate.swift */,
				3CF8AC731C65CF5E0005F622 /* ViewController.swift */,
				3CF8AC751C65CF5E0005F622 /* Main.storyboard */,
				3CF8AC781C65CF5E0005F622 /* Assets.xcassets */,
				3CF8AC7A1C65CF5E0005F622 /* LaunchScreen.storyboard */,
				3CF8AC7D1C65CF5E0005F622 /* Info.plist */,
			);
			path = PictureThis;
			sourceTree = "<group>";
		};
/* End PBXGroup section */

/* Begin PBXNativeTarget section */
		3CF8AC6D1C65CF5E0005F622 /* PictureThis */ = {
			isa = PBXNativeTarget;
			buildConfigurationList = 3CF8AC801C65CF5E0005F622 /* Build configuration list for PBXNativeTarget "PictureThis" */;
			buildPhases = (
				3CF8AC6A1C65CF5E0005F622 /* Sources */,
				3CF8AC6B1C65CF5E0005F622 /* Frameworks */,
				3CF8AC6C1C65CF5E0005F622 /* Resources */,
			);
			buildRules = (
			);
			dependencies = (
			);
			name = PictureThis;
			productName = PictureThis;
			productReference = 3CF8AC6E1C65CF5E0005F622 /* PictureThis.app */;
			productType = "com.apple.product-type.application";
		};
/* End PBXNativeTarget section */

/* Begin PBXProject section */
		3CF8AC661C65CF5E0005F622 /* Project object */ = {
			isa = PBXProject;
			attributes = {
				LastSwiftUpdateCheck = 0720;
				LastUpgradeCheck = 0720;
				ORGANIZATIONNAME = "Caleb Bryant";
				TargetAttributes = {
					3CF8AC6D1C65CF5E0005F622 = {
						CreatedOnToolsVersion = 7.2;
						DevelopmentTeam = B7XTARQ559;
					};
				};
			};
			buildConfigurationList = 3CF8AC691C65CF5E0005F622 /* Build configuration list for PBXProject "PictureThis" */;
			compatibilityVersion = "Xcode 3.2";
			developmentRegion = English;
			hasScannedForEncodings = 0;
			knownRegions = (
				en,
				Base,
			);
			mainGroup = 3CF8AC651C65CF5E0005F622;
			productRefGroup = 3CF8AC6F1C65CF5E0005F622 /* Products */;
			projectDirPath = "";
			projectRoot = "";
			targets = (
				3CF8AC6D1C65CF5E0005F622 /* PictureThis */,
			);
		};
/* End PBXProject section */

/* Begin PBXResourcesBuildPhase section */
		3CF8AC6C1C65CF5E0005F622 /* Resources */ = {
			isa = PBXResourcesBuildPhase;
			buildActionMask = 2147483647;
			files = (
				3CF8AC7C1C65CF5E0005F622 /* LaunchScreen.storyboard in Resources */,
				3CF8AC791C65CF5E0005F622 /* Assets.xcassets in Resources */,
				3CF8AC771C65CF5E0005F622 /* Main.storyboard in Resources */,
			);
			runOnlyForDeploymentPostprocessing = 0;
		};
/* End PBXResourcesBuildPhase section */

/* Begin PBXSourcesBuildPhase section */
		3CF8AC6A1C65CF5E0005F622 /* Sources */ = {
			isa = PBXSourcesBuildPhase;
			buildActionMask = 2147483647;
			files = (
				3CF8AC741C65CF5E0005F622 /* ViewController.swift in Sources */,
				3CF8AC721C65CF5E0005F622 /* AppDelegate.swift in Sources */,
			);
			runOnlyForDeploymentPostprocessing = 0;
		};
/* End PBXSourcesBuildPhase section */

/* Begin PBXVariantGroup section */
		3CF8AC751C65CF5E0005F622 /* Main.storyboard */ = {
			isa = PBXVariantGroup;
			children = (
				3CF8AC761C65CF5E0005F622 /* Base */,
			);
			name = Main.storyboard;
			sourceTree = "<group>";
		};
		3CF8AC7A1C65CF5E0005F622 /* LaunchScreen.storyboard */ = {
			isa = PBXVariantGroup;
			children = (
				3CF8AC7B1C65CF5E0005F622 /* Base */,
			);
			name = LaunchScreen.storyboard;
			sourceTree = "<group>";
		};
/* End PBXVariantGroup section */

/* Begin XCBuildConfiguration section */
		3CF8AC7E1C65CF5E0005F622 /* Debug */ = {
			isa = XCBuildConfiguration;
			buildSettings = {
				ALWAYS_SEARCH_USER_PATHS = NO;
				CLANG_CXX_LANGUAGE_STANDARD = "gnu++0x";
				CLANG_CXX_LIBRARY = "libc++";
				CLANG_ENABLE_MODULES = YES;
				CLANG_ENABLE_OBJC_ARC = YES;
				CLANG_WARN_BOOL_CONVERSION = YES;
				CLANG_WARN_CONSTANT_CONVERSION = YES;
				CLANG_WARN_DIRECT_OBJC_ISA_USAGE = YES_ERROR;
				CLANG_WARN_EMPTY_BODY = YES;
				CLANG_WARN_ENUM_CONVERSION = YES;
				CLANG_WARN_INT_CONVERSION = YES;
				CLANG_WARN_OBJC_ROOT_CLASS = YES_ERROR;
				CLANG_WARN_UNREACHABLE_CODE = YES;
				CLANG_WARN__DUPLICATE_METHOD_MATCH = YES;
				"CODE_SIGN_IDENTITY[sdk=iphoneos*]" = "iPhone Developer";
				COPY_PHASE_STRIP = NO;
				DEBUG_INFORMATION_FORMAT = dwarf;
				ENABLE_STRICT_OBJC_MSGSEND = YES;
				ENABLE_TESTABILITY = YES;
				GCC_C_LANGUAGE_STANDARD = gnu99;
				GCC_DYNAMIC_NO_PIC = NO;
				GCC_NO_COMMON_BLOCKS = YES;
				GCC_OPTIMIZATION_LEVEL = 0;
				GCC_PREPROCESSOR_DEFINITIONS = (
					"DEBUG=1",
					"$(inherited)",
				);
				GCC_WARN_64_TO_32_BIT_CONVERSION = YES;
				GCC_WARN_ABOUT_RETURN_TYPE = YES_ERROR;
				GCC_WARN_UNDECLARED_SELECTOR = YES;
				GCC_WARN_UNINITIALIZED_AUTOS = YES_AGGRESSIVE;
				GCC_WARN_UNUSED_FUNCTION = YES;
				GCC_WARN_UNUSED_VARIABLE = YES;
				IPHONEOS_DEPLOYMENT_TARGET = 9.2;
				MTL_ENABLE_DEBUG_INFO = YES;
				ONLY_ACTIVE_ARCH = YES;
				SDKROOT = iphoneos;
				SWIFT_OPTIMIZATION_LEVEL = "-Onone";
			};
			name = Debug;
		};
		3CF8AC7F1C65CF5E0005F622 /* Release */ = {
			isa = XCBuildConfiguration;
			buildSettings = {
				ALWAYS_SEARCH_USER_PATHS = NO;
				CLANG_CXX_LANGUAGE_STANDARD = "gnu++0x";
				CLANG_CXX_LIBRARY = "libc++";
				CLANG_ENABLE_MODULES = YES;
				CLANG_ENABLE_OBJC_ARC = YES;
				CLANG_WARN_BOOL_CONVERSION = YES;
				CLANG_WARN_CONSTANT_CONVERSION = YES;
				CLANG_WARN_DIRECT_OBJC_ISA_USAGE = YES_ERROR;
				CLANG_WARN_EMPTY_BODY = YES;
				CLANG_WARN_ENUM_CONVERSION = YES;
				CLANG_WARN_INT_CONVERSION = YES;
				CLANG_WARN_OBJC_ROOT_CLASS = YES_ERROR;
				CLANG_WARN_UNREACHABLE_CODE = YES;
				CLANG_WARN__DUPLICATE_METHOD_MATCH = YES;
				"CODE_SIGN_IDENTITY[sdk=iphoneos*]" = "iPhone Developer";
				COPY_PHASE_STRIP = NO;
				DEBUG_INFORMATION_FORMAT = "dwarf-with-dsym";
				ENABLE_NS_ASSERTIONS = NO;
				ENABLE_STRICT_OBJC_MSGSEND = YES;
				GCC_C_LANGUAGE_STANDARD = gnu99;
				GCC_NO_COMMON_BLOCKS = YES;
				GCC_WARN_64_TO_32_BIT_CONVERSION = YES;
				GCC_WARN_ABOUT_RETURN_TYPE = YES_ERROR;
				GCC_WARN_UNDECLARED_SELECTOR = YES;
				GCC_WARN_UNINITIALIZED_AUTOS = YES_AGGRESSIVE;
				GCC_WARN_UNUSED_FUNCTION = YES;
				GCC_WARN_UNUSED_VARIABLE = YES;
				IPHONEOS_DEPLOYMENT_TARGET = 9.2;
				MTL_ENABLE_DEBUG_INFO = NO;
				SDKROOT = iphoneos;
				VALIDATE_PRODUCT = YES;
			};
			name = Release;
		};
		3CF8AC811C65CF5E0005F622 /* Debug */ = {
			isa = XCBuildConfiguration;
			buildSettings = {
				ASSETCATALOG_COMPILER_APPICON_NAME = AppIcon;
				CODE_SIGN_IDENTITY = "iPhone Developer";
				"CODE_SIGN_IDENTITY[sdk=iphoneos*]" = "iPhone Developer";
				INFOPLIST_FILE = PictureThis/Info.plist;
				LD_RUNPATH_SEARCH_PATHS = "$(inherited) @executable_path/Frameworks";
				PRODUCT_BUNDLE_IDENTIFIER = com.kazoo.PictureThis;
				PRODUCT_NAME = "$(TARGET_NAME)";
				PROVISIONING_PROFILE = "";
			};
			name = Debug;
		};
		3CF8AC821C65CF5E0005F622 /* Release */ = {
			isa = XCBuildConfiguration;
			buildSettings = {
				ASSETCATALOG_COMPILER_APPICON_NAME = AppIcon;
				CODE_SIGN_IDENTITY = "iPhone Developer";
				"CODE_SIGN_IDENTITY[sdk=iphoneos*]" = "iPhone Developer";
				INFOPLIST_FILE = PictureThis/Info.plist;
				LD_RUNPATH_SEARCH_PATHS = "$(inherited) @executable_path/Frameworks";
				PRODUCT_BUNDLE_IDENTIFIER = com.kazoo.PictureThis;
				PRODUCT_NAME = "$(TARGET_NAME)";
				PROVISIONING_PROFILE = "";
			};
			name = Release;
		};
/* End XCBuildConfiguration section */

/* Begin XCConfigurationList section */
		3CF8AC691C65CF5E0005F622 /* Build configuration list for PBXProject "PictureThis" */ = {
			isa = XCConfigurationList;
			buildConfigurations = (
				3CF8AC7E1C65CF5E0005F622 /* Debug */,
				3CF8AC7F1C65CF5E0005F622 /* Release */,
			);
			defaultConfigurationIsVisible = 0;
			defaultConfigurationName = Release;
		};
		3CF8AC801C65CF5E0005F622 /* Build configuration list for PBXNativeTarget "PictureThis" */ = {
			isa = XCConfigurationList;
			buildConfigurations = (
				3CF8AC811C65CF5E0005F622 /* Debug */,
				3CF8AC821C65CF5E0005F622 /* Release */,
			);
			defaultConfigurationIsVisible = 0;
			defaultConfigurationName = Release;
		};
/* End XCConfigurationList section */
	};
	rootObject = 3CF8AC661C65CF5E0005F622 /* Project object */;
}
